// !$*UTF8*$!
{
	archiveVersion = 1;
	classes = {
	};
	objectVersion = 50;
	objects = {

/* Begin PBXBuildFile section */
		11A9A6C125045C8F001EE7F5 /* AppDelegate.swift in Sources */ = {isa = PBXBuildFile; fileRef = 11A9A6C025045C8F001EE7F5 /* AppDelegate.swift */; };
		11A9A6C325045C8F001EE7F5 /* SceneDelegate.swift in Sources */ = {isa = PBXBuildFile; fileRef = 11A9A6C225045C8F001EE7F5 /* SceneDelegate.swift */; };
		11A9A6C525045C8F001EE7F5 /* TodoListVC.swift in Sources */ = {isa = PBXBuildFile; fileRef = 11A9A6C425045C8F001EE7F5 /* TodoListVC.swift */; };
		11A9A6C825045C8F001EE7F5 /* Main.storyboard in Resources */ = {isa = PBXBuildFile; fileRef = 11A9A6C625045C8F001EE7F5 /* Main.storyboard */; };
		11A9A6CA25045C93001EE7F5 /* Assets.xcassets in Resources */ = {isa = PBXBuildFile; fileRef = 11A9A6C925045C93001EE7F5 /* Assets.xcassets */; };
		11A9A6CD25045C93001EE7F5 /* LaunchScreen.storyboard in Resources */ = {isa = PBXBuildFile; fileRef = 11A9A6CB25045C93001EE7F5 /* LaunchScreen.storyboard */; };
/* End PBXBuildFile section */

/* Begin PBXFileReference section */
		11A9A6BD25045C8F001EE7F5 /* Today-Todo.app */ = {isa = PBXFileReference; explicitFileType = wrapper.application; includeInIndex = 0; path = "Today-Todo.app"; sourceTree = BUILT_PRODUCTS_DIR; };
		11A9A6C025045C8F001EE7F5 /* AppDelegate.swift */ = {isa = PBXFileReference; lastKnownFileType = sourcecode.swift; path = AppDelegate.swift; sourceTree = "<group>"; };
		11A9A6C225045C8F001EE7F5 /* SceneDelegate.swift */ = {isa = PBXFileReference; lastKnownFileType = sourcecode.swift; path = SceneDelegate.swift; sourceTree = "<group>"; };
		11A9A6C425045C8F001EE7F5 /* TodoListVC.swift */ = {isa = PBXFileReference; lastKnownFileType = sourcecode.swift; path = TodoListVC.swift; sourceTree = "<group>"; };
		11A9A6C725045C8F001EE7F5 /* Base */ = {isa = PBXFileReference; lastKnownFileType = file.storyboard; name = Base; path = Base.lproj/Main.storyboard; sourceTree = "<group>"; };
		11A9A6C925045C93001EE7F5 /* Assets.xcassets */ = {isa = PBXFileReference; lastKnownFileType = folder.assetcatalog; path = Assets.xcassets; sourceTree = "<group>"; };
		11A9A6CC25045C93001EE7F5 /* Base */ = {isa = PBXFileReference; lastKnownFileType = file.storyboard; name = Base; path = Base.lproj/LaunchScreen.storyboard; sourceTree = "<group>"; };
		11A9A6CE25045C93001EE7F5 /* Info.plist */ = {isa = PBXFileReference; lastKnownFileType = text.plist.xml; path = Info.plist; sourceTree = "<group>"; };
/* End PBXFileReference section */

/* Begin PBXFrameworksBuildPhase section */
		11A9A6BA25045C8F001EE7F5 /* Frameworks */ = {
			isa = PBXFrameworksBuildPhase;
			buildActionMask = 2147483647;
			files = (
			);
			runOnlyForDeploymentPostprocessing = 0;
		};
/* End PBXFrameworksBuildPhase section */

/* Begin PBXGroup section */
		11A9A6B425045C8F001EE7F5 = {
			isa = PBXGroup;
			children = (
				11A9A6BF25045C8F001EE7F5 /* Today-Todo */,
				11A9A6BE25045C8F001EE7F5 /* Products */,
			);
			sourceTree = "<group>";
		};
		11A9A6BE25045C8F001EE7F5 /* Products */ = {
			isa = PBXGroup;
			children = (
				11A9A6BD25045C8F001EE7F5 /* Today-Todo.app */,
			);
			name = Products;
			sourceTree = "<group>";
		};
		11A9A6BF25045C8F001EE7F5 /* Today-Todo */ = {
			isa = PBXGroup;
			children = (
				11A9A6C025045C8F001EE7F5 /* AppDelegate.swift */,
				11A9A6C225045C8F001EE7F5 /* SceneDelegate.swift */,
				11A9A6C425045C8F001EE7F5 /* TodoListVC.swift */,
				11A9A6C625045C8F001EE7F5 /* Main.storyboard */,
				11A9A6C925045C93001EE7F5 /* Assets.xcassets */,
				11A9A6CB25045C93001EE7F5 /* LaunchScreen.storyboard */,
				11A9A6CE25045C93001EE7F5 /* Info.plist */,
			);
			path = "Today-Todo";
			sourceTree = "<group>";
		};
/* End PBXGroup section */

/* Begin PBXNativeTarget section */
		11A9A6BC25045C8F001EE7F5 /* Today-Todo */ = {
			isa = PBXNativeTarget;
			buildConfigurationList = 11A9A6D125045C93001EE7F5 /* Build configuration list for PBXNativeTarget "Today-Todo" */;
			buildPhases = (
				11A9A6B925045C8F001EE7F5 /* Sources */,
				11A9A6BA25045C8F001EE7F5 /* Frameworks */,
				11A9A6BB25045C8F001EE7F5 /* Resources */,
			);
			buildRules = (
			);
			dependencies = (
			);
			name = "Today-Todo";
			productName = "Today-Todo";
			productReference = 11A9A6BD25045C8F001EE7F5 /* Today-Todo.app */;
			productType = "com.apple.product-type.application";
		};
/* End PBXNativeTarget section */

/* Begin PBXProject section */
		11A9A6B525045C8F001EE7F5 /* Project object */ = {
			isa = PBXProject;
			attributes = {
				LastSwiftUpdateCheck = 1160;
				LastUpgradeCheck = 1160;
				ORGANIZATIONNAME = "Alexander Nuzhnyi";
				TargetAttributes = {
					11A9A6BC25045C8F001EE7F5 = {
						CreatedOnToolsVersion = 11.6;
					};
				};
			};
			buildConfigurationList = 11A9A6B825045C8F001EE7F5 /* Build configuration list for PBXProject "Today-Todo" */;
			compatibilityVersion = "Xcode 9.3";
			developmentRegion = en;
			hasScannedForEncodings = 0;
			knownRegions = (
				en,
				Base,
			);
			mainGroup = 11A9A6B425045C8F001EE7F5;
			productRefGroup = 11A9A6BE25045C8F001EE7F5 /* Products */;
			projectDirPath = "";
			projectRoot = "";
			targets = (
				11A9A6BC25045C8F001EE7F5 /* Today-Todo */,
			);
		};
/* End PBXProject section */

/* Begin PBXResourcesBuildPhase section */
		11A9A6BB25045C8F001EE7F5 /* Resources */ = {
			isa = PBXResourcesBuildPhase;
			buildActionMask = 2147483647;
			files = (
				11A9A6CD25045C93001EE7F5 /* LaunchScreen.storyboard in Resources */,
				11A9A6CA25045C93001EE7F5 /* Assets.xcassets in Resources */,
				11A9A6C825045C8F001EE7F5 /* Main.storyboard in Resources */,
			);
			runOnlyForDeploymentPostprocessing = 0;
		};
/* End PBXResourcesBuildPhase section */

/* Begin PBXSourcesBuildPhase section */
		11A9A6B925045C8F001EE7F5 /* Sources */ = {
			isa = PBXSourcesBuildPhase;
			buildActionMask = 2147483647;
			files = (
				11A9A6C525045C8F001EE7F5 /* TodoListVC.swift in Sources */,
				11A9A6C125045C8F001EE7F5 /* AppDelegate.swift in Sources */,
				11A9A6C325045C8F001EE7F5 /* SceneDelegate.swift in Sources */,
			);
			runOnlyForDeploymentPostprocessing = 0;
		};
/* End PBXSourcesBuildPhase section */

/* Begin PBXVariantGroup section */
		11A9A6C625045C8F001EE7F5 /* Main.storyboard */ = {
			isa = PBXVariantGroup;
			children = (
				11A9A6C725045C8F001EE7F5 /* Base */,
			);
			name = Main.storyboard;
			sourceTree = "<group>";
		};
		11A9A6CB25045C93001EE7F5 /* LaunchScreen.storyboard */ = {
			isa = PBXVariantGroup;
			children = (
				11A9A6CC25045C93001EE7F5 /* Base */,
			);
			name = LaunchScreen.storyboard;
			sourceTree = "<group>";
		};
/* End PBXVariantGroup section */

/* Begin XCBuildConfiguration section */
		11A9A6CF25045C93001EE7F5 /* Debug */ = {
			isa = XCBuildConfiguration;
			buildSettings = {
				ALWAYS_SEARCH_USER_PATHS = NO;
				CLANG_ANALYZER_NONNULL = YES;
				CLANG_ANALYZER_NUMBER_OBJECT_CONVERSION = YES_AGGRESSIVE;
				CLANG_CXX_LANGUAGE_STANDARD = "gnu++14";
				CLANG_CXX_LIBRARY = "libc++";
				CLANG_ENABLE_MODULES = YES;
				CLANG_ENABLE_OBJC_ARC = YES;
				CLANG_ENABLE_OBJC_WEAK = YES;
				CLANG_WARN_BLOCK_CAPTURE_AUTORELEASING = YES;
				CLANG_WARN_BOOL_CONVERSION = YES;
				CLANG_WARN_COMMA = YES;
				CLANG_WARN_CONSTANT_CONVERSION = YES;
				CLANG_WARN_DEPRECATED_OBJC_IMPLEMENTATIONS = YES;
				CLANG_WARN_DIRECT_OBJC_ISA_USAGE = YES_ERROR;
				CLANG_WARN_DOCUMENTATION_COMMENTS = YES;
				CLANG_WARN_EMPTY_BODY = YES;
				CLANG_WARN_ENUM_CONVERSION = YES;
				CLANG_WARN_INFINITE_RECURSION = YES;
				CLANG_WARN_INT_CONVERSION = YES;
				CLANG_WARN_NON_LITERAL_NULL_CONVERSION = YES;
				CLANG_WARN_OBJC_IMPLICIT_RETAIN_SELF = YES;
				CLANG_WARN_OBJC_LITERAL_CONVERSION = YES;
				CLANG_WARN_OBJC_ROOT_CLASS = YES_ERROR;
				CLANG_WARN_RANGE_LOOP_ANALYSIS = YES;
				CLANG_WARN_STRICT_PROTOTYPES = YES;
				CLANG_WARN_SUSPICIOUS_MOVE = YES;
				CLANG_WARN_UNGUARDED_AVAILABILITY = YES_AGGRESSIVE;
				CLANG_WARN_UNREACHABLE_CODE = YES;
				CLANG_WARN__DUPLICATE_METHOD_MATCH = YES;
				COPY_PHASE_STRIP = NO;
				DEBUG_INFORMATION_FORMAT = dwarf;
				ENABLE_STRICT_OBJC_MSGSEND = YES;
				ENABLE_TESTABILITY = YES;
				GCC_C_LANGUAGE_STANDARD = gnu11;
				GCC_DYNAMIC_NO_PIC = NO;
				GCC_NO_COMMON_BLOCKS = YES;
				GCC_OPTIMIZATION_LEVEL = 0;
				GCC_PREPROCESSOR_DEFINITIONS = (
					"DEBUG=1",
					"$(inherited)",
				);
				GCC_WARN_64_TO_32_BIT_CONVERSION = YES;
				GCC_WARN_ABOUT_RETURN_TYPE = YES_ERROR;
				GCC_WARN_UNDECLARED_SELECTOR = YES;
				GCC_WARN_UNINITIALIZED_AUTOS = YES_AGGRESSIVE;
				GCC_WARN_UNUSED_FUNCTION = YES;
				GCC_WARN_UNUSED_VARIABLE = YES;
				IPHONEOS_DEPLOYMENT_TARGET = 13.6;
				MTL_ENABLE_DEBUG_INFO = INCLUDE_SOURCE;
				MTL_FAST_MATH = YES;
				ONLY_ACTIVE_ARCH = YES;
				SDKROOT = iphoneos;
				SWIFT_ACTIVE_COMPILATION_CONDITIONS = DEBUG;
				SWIFT_OPTIMIZATION_LEVEL = "-Onone";
			};
			name = Debug;
		};
		11A9A6D025045C93001EE7F5 /* Release */ = {
			isa = XCBuildConfiguration;
			buildSettings = {
				ALWAYS_SEARCH_USER_PATHS = NO;
				CLANG_ANALYZER_NONNULL = YES;
				CLANG_ANALYZER_NUMBER_OBJECT_CONVERSION = YES_AGGRESSIVE;
				CLANG_CXX_LANGUAGE_STANDARD = "gnu++14";
				CLANG_CXX_LIBRARY = "libc++";
				CLANG_ENABLE_MODULES = YES;
				CLANG_ENABLE_OBJC_ARC = YES;
				CLANG_ENABLE_OBJC_WEAK = YES;
				CLANG_WARN_BLOCK_CAPTURE_AUTORELEASING = YES;
				CLANG_WARN_BOOL_CONVERSION = YES;
				CLANG_WARN_COMMA = YES;
				CLANG_WARN_CONSTANT_CONVERSION = YES;
				CLANG_WARN_DEPRECATED_OBJC_IMPLEMENTATIONS = YES;
				CLANG_WARN_DIRECT_OBJC_ISA_USAGE = YES_ERROR;
				CLANG_WARN_DOCUMENTATION_COMMENTS = YES;
				CLANG_WARN_EMPTY_BODY = YES;
				CLANG_WARN_ENUM_CONVERSION = YES;
				CLANG_WARN_INFINITE_RECURSION = YES;
				CLANG_WARN_INT_CONVERSION = YES;
				CLANG_WARN_NON_LITERAL_NULL_CONVERSION = YES;
				CLANG_WARN_OBJC_IMPLICIT_RETAIN_SELF = YES;
				CLANG_WARN_OBJC_LITERAL_CONVERSION = YES;
				CLANG_WARN_OBJC_ROOT_CLASS = YES_ERROR;
				CLANG_WARN_RANGE_LOOP_ANALYSIS = YES;
				CLANG_WARN_STRICT_PROTOTYPES = YES;
				CLANG_WARN_SUSPICIOUS_MOVE = YES;
				CLANG_WARN_UNGUARDED_AVAILABILITY = YES_AGGRESSIVE;
				CLANG_WARN_UNREACHABLE_CODE = YES;
				CLANG_WARN__DUPLICATE_METHOD_MATCH = YES;
				COPY_PHASE_STRIP = NO;
				DEBUG_INFORMATION_FORMAT = "dwarf-with-dsym";
				ENABLE_NS_ASSERTIONS = NO;
				ENABLE_STRICT_OBJC_MSGSEND = YES;
				GCC_C_LANGUAGE_STANDARD = gnu11;
				GCC_NO_COMMON_BLOCKS = YES;
				GCC_WARN_64_TO_32_BIT_CONVERSION = YES;
				GCC_WARN_ABOUT_RETURN_TYPE = YES_ERROR;
				GCC_WARN_UNDECLARED_SELECTOR = YES;
				GCC_WARN_UNINITIALIZED_AUTOS = YES_AGGRESSIVE;
				GCC_WARN_UNUSED_FUNCTION = YES;
				GCC_WARN_UNUSED_VARIABLE = YES;
				IPHONEOS_DEPLOYMENT_TARGET = 13.6;
				MTL_ENABLE_DEBUG_INFO = NO;
				MTL_FAST_MATH = YES;
				SDKROOT = iphoneos;
				SWIFT_COMPILATION_MODE = wholemodule;
				SWIFT_OPTIMIZATION_LEVEL = "-O";
				VALIDATE_PRODUCT = YES;
			};
			name = Release;
		};
		11A9A6D225045C93001EE7F5 /* Debug */ = {
			isa = XCBuildConfiguration;
			buildSettings = {
				ASSETCATALOG_COMPILER_APPICON_NAME = AppIcon;
				CODE_SIGN_STYLE = Automatic;
				DEVELOPMENT_TEAM = ZN234ZPN46;
				INFOPLIST_FILE = "Today-Todo/Info.plist";
				IPHONEOS_DEPLOYMENT_TARGET = 13.0;
				LD_RUNPATH_SEARCH_PATHS = (
					"$(inherited)",
					"@executable_path/Frameworks",
				);
				PRODUCT_BUNDLE_IDENTIFIER = "works.alexander.Today-Todo";
				PRODUCT_NAME = "$(TARGET_NAME)";
				SWIFT_VERSION = 5.0;
				TARGETED_DEVICE_FAMILY = "1,2";
			};
			name = Debug;
		};
		11A9A6D325045C93001EE7F5 /* Release */ = {
			isa = XCBuildConfiguration;
			buildSettings = {
				ASSETCATALOG_COMPILER_APPICON_NAME = AppIcon;
				CODE_SIGN_STYLE = Automatic;
				DEVELOPMENT_TEAM = ZN234ZPN46;
				INFOPLIST_FILE = "Today-Todo/Info.plist";
				IPHONEOS_DEPLOYMENT_TARGET = 13.0;
				LD_RUNPATH_SEARCH_PATHS = (
					"$(inherited)",
					"@executable_path/Frameworks",
				);
				PRODUCT_BUNDLE_IDENTIFIER = "works.alexander.Today-Todo";
				PRODUCT_NAME = "$(TARGET_NAME)";
				SWIFT_VERSION = 5.0;
				TARGETED_DEVICE_FAMILY = "1,2";
			};
			name = Release;
		};
/* End XCBuildConfiguration section */

/* Begin XCConfigurationList section */
		11A9A6B825045C8F001EE7F5 /* Build configuration list for PBXProject "Today-Todo" */ = {
			isa = XCConfigurationList;
			buildConfigurations = (
				11A9A6CF25045C93001EE7F5 /* Debug */,
				11A9A6D025045C93001EE7F5 /* Release */,
			);
			defaultConfigurationIsVisible = 0;
			defaultConfigurationName = Release;
		};
		11A9A6D125045C93001EE7F5 /* Build configuration list for PBXNativeTarget "Today-Todo" */ = {
			isa = XCConfigurationList;
			buildConfigurations = (
				11A9A6D225045C93001EE7F5 /* Debug */,
				11A9A6D325045C93001EE7F5 /* Release */,
			);
			defaultConfigurationIsVisible = 0;
			defaultConfigurationName = Release;
		};
/* End XCConfigurationList section */
	};
	rootObject = 11A9A6B525045C8F001EE7F5 /* Project object */;
}
